
Microsoft Visual Studio Solution File, Format Version 12.00
# Visual Studio Version 17
VisualStudioVersion = 17.12.35209.166
MinimumVisualStudioVersion = 10.0.40219.1
Project("{FAE04EC0-301F-11D3-BF4B-00C04F79EFBC}") = "CulinaryBook", "CulinaryBook\CulinaryBook.csproj", "{16720A14-4C2A-402E-8C8B-E8F2AE30EAE4}"
EndProject
Project("{2150E333-8FDC-42A3-9474-1A3956D46DE8}") = "Новая папка1", "Новая папка1", "{1355B708-3402-4EC1-B9EB-2C8600674B10}"
EndProject
Global
	GlobalSection(SolutionConfigurationPlatforms) = preSolution
		Debug|Any CPU = Debug|Any CPU
		Release|Any CPU = Release|Any CPU
	EndGlobalSection
	GlobalSection(ProjectConfigurationPlatforms) = postSolution
		{16720A14-4C2A-402E-8C8B-E8F2AE30EAE4}.Debug|Any CPU.ActiveCfg = Debug|Any CPU
		{16720A14-4C2A-402E-8C8B-E8F2AE30EAE4}.Debug|Any CPU.Build.0 = Debug|Any CPU
		{16720A14-4C2A-402E-8C8B-E8F2AE30EAE4}.Release|Any CPU.ActiveCfg = Release|Any CPU
		{16720A14-4C2A-402E-8C8B-E8F2AE30EAE4}.Release|Any CPU.Build.0 = Release|Any CPU
	EndGlobalSection
	GlobalSection(SolutionProperties) = preSolution
		HideSolutionNode = FALSE
	EndGlobalSection
	GlobalSection(ExtensibilityGlobals) = postSolution
		SolutionGuid = {257A6E61-A8AD-4B7B-BBCC-E78B1E0F6F35}
	EndGlobalSection
EndGlobal
